<Solution>
  <Project Path="src/Hexalith.Platform.Identity/Hexalith.Platform.Identity.csproj" />
  <Project Path="src/Hexalith.Platform.EventStoreHost/Hexalith.Platform.EventStoreHost.csproj" />
  <Project Path="tests/Hexalith.Platform.Identity.Tests/Hexalith.Platform.Identity.Tests.csproj" />
</Solution>
